
Microsoft Visual Studio Solution File, Format Version 12.00
# Visual Studio Version 17
VisualStudioVersion = 17.4.33213.308
MinimumVisualStudioVersion = 10.0.40219.1
Project("{8BC9CEB8-8B4A-11D0-8D11-00A0C91BC942}") = "Sparse Matrices in CPP", "Sparse Matrices in CPP.vcxproj", "{6792E5EB-979C-4607-A861-D76B4F7F5BB3}"
EndProject
Global
	GlobalSection(SolutionConfigurationPlatforms) = preSolution
		Debug|x64 = Debug|x64
		Debug|x86 = Debug|x86
		Release|x64 = Release|x64
		Release|x86 = Release|x86
	EndGlobalSection
	GlobalSection(ProjectConfigurationPlatforms) = postSolution
		{6792E5EB-979C-4607-A861-D76B4F7F5BB3}.Debug|x64.ActiveCfg = Debug|x64
		{6792E5EB-979C-4607-A861-D76B4F7F5BB3}.Debug|x64.Build.0 = Debug|x64
		{6792E5EB-979C-4607-A861-D76B4F7F5BB3}.Debug|x86.ActiveCfg = Debug|Win32
		{6792E5EB-979C-4607-A861-D76B4F7F5BB3}.Debug|x86.Build.0 = Debug|Win32
		{6792E5EB-979C-4607-A861-D76B4F7F5BB3}.Release|x64.ActiveCfg = Release|x64
		{6792E5EB-979C-4607-A861-D76B4F7F5BB3}.Release|x64.Build.0 = Release|x64
		{6792E5EB-979C-4607-A861-D76B4F7F5BB3}.Release|x86.ActiveCfg = Release|Win32
		{6792E5EB-979C-4607-A861-D76B4F7F5BB3}.Release|x86.Build.0 = Release|Win32
	EndGlobalSection
	GlobalSection(SolutionProperties) = preSolution
		HideSolutionNode = FALSE
	EndGlobalSection
	GlobalSection(ExtensibilityGlobals) = postSolution
		SolutionGuid = {01E84C49-7F66-40E7-8701-929B777DEA6A}
	EndGlobalSection
EndGlobal
